
Microsoft Visual Studio Solution File, Format Version 12.00
# Visual Studio Version 16
VisualStudioVersion = 16.0.31702.278
MinimumVisualStudioVersion = 10.0.40219.1
Project("{FAE04EC0-301F-11D3-BF4B-00C04F79EFBC}") = "timco-worker-services-dotnetcore", "timco-worker-services-dotnetcore\timco-worker-services-dotnetcore.csproj", "{01950440-7947-4EA7-BEE2-893F64148AB3}"
EndProject
Global
	GlobalSection(SolutionConfigurationPlatforms) = preSolution
		Debug|Any CPU = Debug|Any CPU
		Release|Any CPU = Release|Any CPU
	EndGlobalSection
	GlobalSection(ProjectConfigurationPlatforms) = postSolution
		{01950440-7947-4EA7-BEE2-893F64148AB3}.Debug|Any CPU.ActiveCfg = Debug|Any CPU
		{01950440-7947-4EA7-BEE2-893F64148AB3}.Debug|Any CPU.Build.0 = Debug|Any CPU
		{01950440-7947-4EA7-BEE2-893F64148AB3}.Release|Any CPU.ActiveCfg = Release|Any CPU
		{01950440-7947-4EA7-BEE2-893F64148AB3}.Release|Any CPU.Build.0 = Release|Any CPU
	EndGlobalSection
	GlobalSection(SolutionProperties) = preSolution
		HideSolutionNode = FALSE
	EndGlobalSection
	GlobalSection(ExtensibilityGlobals) = postSolution
		SolutionGuid = {FCA5D196-831C-4277-ABFA-DBA20112F7C3}
	EndGlobalSection
EndGlobal
