
Microsoft Visual Studio Solution File, Format Version 12.00
# Visual Studio Version 16
VisualStudioVersion = 16.0.31624.102
MinimumVisualStudioVersion = 10.0.40219.1
Project("{FAE04EC0-301F-11D3-BF4B-00C04F79EFBC}") = "WpfPersona", "WpfPersona\WpfPersona.csproj", "{AD30AE56-46F1-41BD-9F9A-D9FD7FD2963B}"
EndProject
Global
	GlobalSection(SolutionConfigurationPlatforms) = preSolution
		Debug|Any CPU = Debug|Any CPU
		Release|Any CPU = Release|Any CPU
	EndGlobalSection
	GlobalSection(ProjectConfigurationPlatforms) = postSolution
		{AD30AE56-46F1-41BD-9F9A-D9FD7FD2963B}.Debug|Any CPU.ActiveCfg = Debug|Any CPU
		{AD30AE56-46F1-41BD-9F9A-D9FD7FD2963B}.Debug|Any CPU.Build.0 = Debug|Any CPU
		{AD30AE56-46F1-41BD-9F9A-D9FD7FD2963B}.Release|Any CPU.ActiveCfg = Release|Any CPU
		{AD30AE56-46F1-41BD-9F9A-D9FD7FD2963B}.Release|Any CPU.Build.0 = Release|Any CPU
	EndGlobalSection
	GlobalSection(SolutionProperties) = preSolution
		HideSolutionNode = FALSE
	EndGlobalSection
	GlobalSection(ExtensibilityGlobals) = postSolution
		SolutionGuid = {0B8C4D7A-FB25-413A-972F-2E38B9CC76A7}
	EndGlobalSection
EndGlobal
